// !$*UTF8*$!
{
	archiveVersion = 1;
	classes = {
	};
	objectVersion = 77;
	objects = {

/* Begin PBXBuildFile section */
		4E122F662F95AB8800CE18EE /* AIConsistencyValidator.swift in Sources */ = {isa = PBXBuildFile; fileRef = 4E122F652F95AB8800CE18EE /* AIConsistencyValidator.swift */; };
		4E122F682F95BC1200CE18EE /* CoachingPhilosophy.swift in Sources */ = {isa = PBXBuildFile; fileRef = 4E122F672F95BC1200CE18EE /* CoachingPhilosophy.swift */; };
		4E122F6A2F95C61200CE18EE /* CoachTelemetry.swift in Sources */ = {isa = PBXBuildFile; fileRef = 4E122F692F95C61200CE18EE /* CoachTelemetry.swift */; };
		4E122F6C2F95E78300CE18EE /* AIEndToEndValidation.swift in Sources */ = {isa = PBXBuildFile; fileRef = 4E122F6B2F95E78300CE18EE /* AIEndToEndValidation.swift */; };
		4E1969552F6C65AD000277D0 /* ResultSubmissionView.swift in Sources */ = {isa = PBXBuildFile; fileRef = 4E1969542F6C65AD000277D0 /* ResultSubmissionView.swift */; };
		4E1969572F6C9309000277D0 /* DisputeDetailView.swift in Sources */ = {isa = PBXBuildFile; fileRef = 4E1969562F6C9309000277D0 /* DisputeDetailView.swift */; };
		4E288EA92F6E335200387E29 /* TennisCourtPickerView.swift in Sources */ = {isa = PBXBuildFile; fileRef = 4E288EA82F6E335200387E29 /* TennisCourtPickerView.swift */; };
		4E288EAB2F6F942B00387E29 /* VoiceInputManager.swift in Sources */ = {isa = PBXBuildFile; fileRef = 4E288EAA2F6F942B00387E29 /* VoiceInputManager.swift */; };
		4E288EAD2F6F987600387E29 /* WeeklyDrillsView.swift in Sources */ = {isa = PBXBuildFile; fileRef = 4E288EAC2F6F987600387E29 /* WeeklyDrillsView.swift */; };
		4E288EAF2F709A0B00387E29 /* PostDetailView.swift in Sources */ = {isa = PBXBuildFile; fileRef = 4E288EAE2F709A0B00387E29 /* PostDetailView.swift */; };
		4E7C5FA52F85850A0075EE36 /* AI_COACH_FIX_README.md in Resources */ = {isa = PBXBuildFile; fileRef = 4E7C5FA42F85850A0075EE36 /* AI_COACH_FIX_README.md */; };
		4E7C5FA72F85853E0075EE36 /* BACKEND_IMPLEMENTATION_GUIDE.md in Resources */ = {isa = PBXBuildFile; fileRef = 4E7C5FA62F85853E0075EE36 /* BACKEND_IMPLEMENTATION_GUIDE.md */; };
		4E7C5FA92F85856D0075EE36 /* TROUBLESHOOTING.md in Resources */ = {isa = PBXBuildFile; fileRef = 4E7C5FA82F85856D0075EE36 /* TROUBLESHOOTING.md */; };
		4E7C5FAB2F8585930075EE36 /* FIX_SUMMARY.md in Resources */ = {isa = PBXBuildFile; fileRef = 4E7C5FAA2F8585930075EE36 /* FIX_SUMMARY.md */; };
		4E7C5FAD2F8585B80075EE36 /* AICoachConnectionTestView.swift in Sources */ = {isa = PBXBuildFile; fileRef = 4E7C5FAC2F8585B80075EE36 /* AICoachConnectionTestView.swift */; };
		4E7C5FAF2F8585EE0075EE36 /* IMPLEMENTATION_INSTRUCTIONS.md in Resources */ = {isa = PBXBuildFile; fileRef = 4E7C5FAE2F8585EE0075EE36 /* IMPLEMENTATION_INSTRUCTIONS.md */; };
		4E7C5FB12F8586140075EE36 /* QUICK_START.md in Resources */ = {isa = PBXBuildFile; fileRef = 4E7C5FB02F8586140075EE36 /* QUICK_START.md */; };
		4E7C5FB52F85878D0075EE36 /* SMARTWATCH_SYNC_GUIDE.md in Resources */ = {isa = PBXBuildFile; fileRef = 4E7C5FB42F85878D0075EE36 /* SMARTWATCH_SYNC_GUIDE.md */; };
		4E7C5FB72F8587C10075EE36 /* SYSTEM_WIDE_FIXES_SUMMARY.md in Resources */ = {isa = PBXBuildFile; fileRef = 4E7C5FB62F8587C10075EE36 /* SYSTEM_WIDE_FIXES_SUMMARY.md */; };
		4E7C5FB92F8587E90075EE36 /* TROUBLESHOOTING_CHECKLIST.md in Resources */ = {isa = PBXBuildFile; fileRef = 4E7C5FB82F8587E90075EE36 /* TROUBLESHOOTING_CHECKLIST.md */; };
		4E7C60302F8C0F460075EE36 /* WearableProviderManager.swift in Sources */ = {isa = PBXBuildFile; fileRef = 4E7C602F2F8C0F460075EE36 /* WearableProviderManager.swift */; };
		4E7C60322F8CA5CF0075EE36 /* WeaknessSurveyView.swift in Sources */ = {isa = PBXBuildFile; fileRef = 4E7C60312F8CA5CF0075EE36 /* WeaknessSurveyView.swift */; };
		4E7C60362F8E8C9F0075EE36 /* AICoachReasoning.swift in Sources */ = {isa = PBXBuildFile; fileRef = 4E7C60352F8E8C9F0075EE36 /* AICoachReasoning.swift */; };
		4E7C603A2F8EDB840075EE36 /* EmailVerificationView.swift in Sources */ = {isa = PBXBuildFile; fileRef = 4E7C60392F8EDB840075EE36 /* EmailVerificationView.swift */; };
		4E7C603C2F8EDBBD0075EE36 /* OnboardingSurveyView.swift in Sources */ = {isa = PBXBuildFile; fileRef = 4E7C603B2F8EDBBD0075EE36 /* OnboardingSurveyView.swift */; };
		4EC0B81F2F5FBB0C001DC532 /* PremiumModels.swift in Sources */ = {isa = PBXBuildFile; fileRef = 4EC0B81E2F5FBB0C001DC532 /* PremiumModels.swift */; };
		4EC0B8212F5FBB28001DC532 /* PremiumAPIClient.swift in Sources */ = {isa = PBXBuildFile; fileRef = 4EC0B8202F5FBB28001DC532 /* PremiumAPIClient.swift */; };
		4EC0B8232F5FBB85001DC532 /* AICoachFloatingView.swift in Sources */ = {isa = PBXBuildFile; fileRef = 4EC0B8222F5FBB85001DC532 /* AICoachFloatingView.swift */; };
		4EC0B8252F5FBF42001DC532 /* GoalsSurveyView.swift in Sources */ = {isa = PBXBuildFile; fileRef = 4EC0B8242F5FBF42001DC532 /* GoalsSurveyView.swift */; };
		4EC0B8272F5FBF7C001DC532 /* SmartwatchSyncView.swift in Sources */ = {isa = PBXBuildFile; fileRef = 4EC0B8262F5FBF7C001DC532 /* SmartwatchSyncView.swift */; };
		4EC0B8292F5FC12E001DC532 /* TournamentView.swift in Sources */ = {isa = PBXBuildFile; fileRef = 4EC0B8282F5FC12E001DC532 /* TournamentView.swift */; };
		4EC0B82B2F5FC1E5001DC532 /* PremiumSubscriptionView.swift in Sources */ = {isa = PBXBuildFile; fileRef = 4EC0B82A2F5FC1E5001DC532 /* PremiumSubscriptionView.swift */; };
		4EC0B82F2F627732001DC532 /* OnboardingView.swift in Sources */ = {isa = PBXBuildFile; fileRef = 4EC0B82E2F627732001DC532 /* OnboardingView.swift */; };
		4EC0B8312F627902001DC532 /* GroupChatsView.swift in Sources */ = {isa = PBXBuildFile; fileRef = 4EC0B8302F627902001DC532 /* GroupChatsView.swift */; };
		4EC0B8332F627932001DC532 /* HighlightsView.swift in Sources */ = {isa = PBXBuildFile; fileRef = 4EC0B8322F627932001DC532 /* HighlightsView.swift */; };
		4EC0B8352F627969001DC532 /* WorkoutBuilderView.swift in Sources */ = {isa = PBXBuildFile; fileRef = 4EC0B8342F627968001DC532 /* WorkoutBuilderView.swift */; };
		4EC0B8372F6279AA001DC532 /* PerformanceGraphsView.swift in Sources */ = {isa = PBXBuildFile; fileRef = 4EC0B8362F6279AA001DC532 /* PerformanceGraphsView.swift */; };
		4EC0B8392F6469D5001DC532 /* TrainingSessionView.swift in Sources */ = {isa = PBXBuildFile; fileRef = 4EC0B8382F6469D5001DC532 /* TrainingSessionView.swift */; };
		4EC0B83B2F646D2B001DC532 /* DrillLibraryView.swift in Sources */ = {isa = PBXBuildFile; fileRef = 4EC0B83A2F646D2B001DC532 /* DrillLibraryView.swift */; };
		4EC0B83D2F646D45001DC532 /* DrillDetailView.swift in Sources */ = {isa = PBXBuildFile; fileRef = 4EC0B83C2F646D45001DC532 /* DrillDetailView.swift */; };
		4EC0B83F2F6474F6001DC532 /* ChallengeCreationView.swift in Sources */ = {isa = PBXBuildFile; fileRef = 4EC0B83E2F6474F6001DC532 /* ChallengeCreationView.swift */; };
		4EC0B8412F64755A001DC532 /* ProofSubmissionView.swift in Sources */ = {isa = PBXBuildFile; fileRef = 4EC0B8402F64755A001DC532 /* ProofSubmissionView.swift */; };
		4EC0B8432F6475CE001DC532 /* TeamLobbyView.swift in Sources */ = {isa = PBXBuildFile; fileRef = 4EC0B8422F6475CE001DC532 /* TeamLobbyView.swift */; };
		4EC0B8452F64764A001DC532 /* DirectMessageView.swift in Sources */ = {isa = PBXBuildFile; fileRef = 4EC0B8442F64764A001DC532 /* DirectMessageView.swift */; };
		4EC0B8472F6476EB001DC532 /* AICoachLevelView.swift in Sources */ = {isa = PBXBuildFile; fileRef = 4EC0B8462F6476EB001DC532 /* AICoachLevelView.swift */; };
		4EC0B8492F647D11001DC532 /* BadgeSystemView.swift in Sources */ = {isa = PBXBuildFile; fileRef = 4EC0B8482F647D11001DC532 /* BadgeSystemView.swift */; };
		4EC0B84B2F64A5FD001DC532 /* DailyReadinessView.swift in Sources */ = {isa = PBXBuildFile; fileRef = 4EC0B84A2F64A5FD001DC532 /* DailyReadinessView.swift */; };
		4EC0B84D2F64AE89001DC532 /* SkillProgressionModels.swift in Sources */ = {isa = PBXBuildFile; fileRef = 4EC0B84C2F64AE89001DC532 /* SkillProgressionModels.swift */; };
		4EC0B84F2F64AEBF001DC532 /* SkillProgressionEngine.swift in Sources */ = {isa = PBXBuildFile; fileRef = 4EC0B84E2F64AEBF001DC532 /* SkillProgressionEngine.swift */; };
		4EC0B8512F64AEF2001DC532 /* SkillProgressionView.swift in Sources */ = {isa = PBXBuildFile; fileRef = 4EC0B8502F64AEF2001DC532 /* SkillProgressionView.swift */; };
		4EC0B8532F64C7F4001DC532 /* AICoachChatView.swift in Sources */ = {isa = PBXBuildFile; fileRef = 4EC0B8522F64C7F4001DC532 /* AICoachChatView.swift */; };
		4EC0B8552F650BC5001DC532 /* NotificationsView.swift in Sources */ = {isa = PBXBuildFile; fileRef = 4EC0B8542F650BC5001DC532 /* NotificationsView.swift */; };
		4EC0B8572F650BE9001DC532 /* MessagesListView.swift in Sources */ = {isa = PBXBuildFile; fileRef = 4EC0B8562F650BE9001DC532 /* MessagesListView.swift */; };
		4EC6943A2F6DB41C00518941 /* DisputeHistoryView.swift in Sources */ = {isa = PBXBuildFile; fileRef = 4EC694392F6DB41C00518941 /* DisputeHistoryView.swift */; };
		4EC6943C2F6DB85300518941 /* FriendsListView.swift in Sources */ = {isa = PBXBuildFile; fileRef = 4EC6943B2F6DB85300518941 /* FriendsListView.swift */; };
/* End PBXBuildFile section */

/* Begin PBXContainerItemProxy section */
		4E86B1B32F5AB3740027B3C2 /* PBXContainerItemProxy */ = {
			isa = PBXContainerItemProxy;
			containerPortal = 4E86B1992F5AB3730027B3C2 /* Project object */;
			proxyType = 1;
			remoteGlobalIDString = 4E86B1A02F5AB3730027B3C2;
			remoteInfo = SportsHub;
		};
		4E86B1BD2F5AB3740027B3C2 /* PBXContainerItemProxy */ = {
			isa = PBXContainerItemProxy;
			containerPortal = 4E86B1992F5AB3730027B3C2 /* Project object */;
			proxyType = 1;
			remoteGlobalIDString = 4E86B1A02F5AB3730027B3C2;
			remoteInfo = SportsHub;
		};
/* End PBXContainerItemProxy section */

/* Begin PBXFileReference section */
		4E122F652F95AB8800CE18EE /* AIConsistencyValidator.swift */ = {isa = PBXFileReference; lastKnownFileType = sourcecode.swift; path = AIConsistencyValidator.swift; sourceTree = "<group>"; };
		4E122F672F95BC1200CE18EE /* CoachingPhilosophy.swift */ = {isa = PBXFileReference; lastKnownFileType = sourcecode.swift; path = CoachingPhilosophy.swift; sourceTree = "<group>"; };
		4E122F692F95C61200CE18EE /* CoachTelemetry.swift */ = {isa = PBXFileReference; lastKnownFileType = sourcecode.swift; path = CoachTelemetry.swift; sourceTree = "<group>"; };
		4E122F6B2F95E78300CE18EE /* AIEndToEndValidation.swift */ = {isa = PBXFileReference; lastKnownFileType = sourcecode.swift; path = AIEndToEndValidation.swift; sourceTree = "<group>"; };
		4E1969542F6C65AD000277D0 /* ResultSubmissionView.swift */ = {isa = PBXFileReference; lastKnownFileType = sourcecode.swift; path = ResultSubmissionView.swift; sourceTree = "<group>"; };
		4E1969562F6C9309000277D0 /* DisputeDetailView.swift */ = {isa = PBXFileReference; lastKnownFileType = sourcecode.swift; path = DisputeDetailView.swift; sourceTree = "<group>"; };
		4E288EA82F6E335200387E29 /* TennisCourtPickerView.swift */ = {isa = PBXFileReference; lastKnownFileType = sourcecode.swift; path = TennisCourtPickerView.swift; sourceTree = "<group>"; };
		4E288EAA2F6F942B00387E29 /* VoiceInputManager.swift */ = {isa = PBXFileReference; lastKnownFileType = sourcecode.swift; path = VoiceInputManager.swift; sourceTree = "<group>"; };
		4E288EAC2F6F987600387E29 /* WeeklyDrillsView.swift */ = {isa = PBXFileReference; lastKnownFileType = sourcecode.swift; path = WeeklyDrillsView.swift; sourceTree = "<group>"; };
		4E288EAE2F709A0B00387E29 /* PostDetailView.swift */ = {isa = PBXFileReference; lastKnownFileType = sourcecode.swift; path = PostDetailView.swift; sourceTree = "<group>"; };
		4E7C5FA42F85850A0075EE36 /* AI_COACH_FIX_README.md */ = {isa = PBXFileReference; lastKnownFileType = net.daringfireball.markdown; path = AI_COACH_FIX_README.md; sourceTree = "<group>"; };
		4E7C5FA62F85853E0075EE36 /* BACKEND_IMPLEMENTATION_GUIDE.md */ = {isa = PBXFileReference; lastKnownFileType = net.daringfireball.markdown; path = BACKEND_IMPLEMENTATION_GUIDE.md; sourceTree = "<group>"; };
		4E7C5FA82F85856D0075EE36 /* TROUBLESHOOTING.md */ = {isa = PBXFileReference; lastKnownFileType = net.daringfireball.markdown; path = TROUBLESHOOTING.md; sourceTree = "<group>"; };
		4E7C5FAA2F8585930075EE36 /* FIX_SUMMARY.md */ = {isa = PBXFileReference; lastKnownFileType = net.daringfireball.markdown; path = FIX_SUMMARY.md; sourceTree = "<group>"; };
		4E7C5FAC2F8585B80075EE36 /* AICoachConnectionTestView.swift */ = {isa = PBXFileReference; lastKnownFileType = sourcecode.swift; path = AICoachConnectionTestView.swift; sourceTree = "<group>"; };
		4E7C5FAE2F8585EE0075EE36 /* IMPLEMENTATION_INSTRUCTIONS.md */ = {isa = PBXFileReference; lastKnownFileType = net.daringfireball.markdown; path = IMPLEMENTATION_INSTRUCTIONS.md; sourceTree = "<group>"; };
		4E7C5FB02F8586140075EE36 /* QUICK_START.md */ = {isa = PBXFileReference; lastKnownFileType = net.daringfireball.markdown; path = QUICK_START.md; sourceTree = "<group>"; };
		4E7C5FB42F85878D0075EE36 /* SMARTWATCH_SYNC_GUIDE.md */ = {isa = PBXFileReference; lastKnownFileType = net.daringfireball.markdown; path = SMARTWATCH_SYNC_GUIDE.md; sourceTree = "<group>"; };
		4E7C5FB62F8587C10075EE36 /* SYSTEM_WIDE_FIXES_SUMMARY.md */ = {isa = PBXFileReference; lastKnownFileType = net.daringfireball.markdown; path = SYSTEM_WIDE_FIXES_SUMMARY.md; sourceTree = "<group>"; };
		4E7C5FB82F8587E90075EE36 /* TROUBLESHOOTING_CHECKLIST.md */ = {isa = PBXFileReference; lastKnownFileType = net.daringfireball.markdown; path = TROUBLESHOOTING_CHECKLIST.md; sourceTree = "<group>"; };
		4E7C602F2F8C0F460075EE36 /* WearableProviderManager.swift */ = {isa = PBXFileReference; lastKnownFileType = sourcecode.swift; path = WearableProviderManager.swift; sourceTree = "<group>"; };
		4E7C60312F8CA5CF0075EE36 /* WeaknessSurveyView.swift */ = {isa = PBXFileReference; lastKnownFileType = sourcecode.swift; path = WeaknessSurveyView.swift; sourceTree = "<group>"; };
		4E7C60352F8E8C9F0075EE36 /* AICoachReasoning.swift */ = {isa = PBXFileReference; lastKnownFileType = sourcecode.swift; path = AICoachReasoning.swift; sourceTree = "<group>"; };
		4E7C60392F8EDB840075EE36 /* EmailVerificationView.swift */ = {isa = PBXFileReference; lastKnownFileType = sourcecode.swift; path = EmailVerificationView.swift; sourceTree = "<group>"; };
		4E7C603B2F8EDBBD0075EE36 /* OnboardingSurveyView.swift */ = {isa = PBXFileReference; lastKnownFileType = sourcecode.swift; path = OnboardingSurveyView.swift; sourceTree = "<group>"; };
		4E86B1A12F5AB3730027B3C2 /* SportsHub.app */ = {isa = PBXFileReference; explicitFileType = wrapper.application; includeInIndex = 0; path = SportsHub.app; sourceTree = BUILT_PRODUCTS_DIR; };
		4E86B1B22F5AB3740027B3C2 /* SportsHubTests.xctest */ = {isa = PBXFileReference; explicitFileType = wrapper.cfbundle; includeInIndex = 0; path = SportsHubTests.xctest; sourceTree = BUILT_PRODUCTS_DIR; };
		4E86B1BC2F5AB3740027B3C2 /* SportsHubUITests.xctest */ = {isa = PBXFileReference; explicitFileType = wrapper.cfbundle; includeInIndex = 0; path = SportsHubUITests.xctest; sourceTree = BUILT_PRODUCTS_DIR; };
		4EC0B81E2F5FBB0C001DC532 /* PremiumModels.swift */ = {isa = PBXFileReference; lastKnownFileType = sourcecode.swift; path = PremiumModels.swift; sourceTree = "<group>"; };
		4EC0B8202F5FBB28001DC532 /* PremiumAPIClient.swift */ = {isa = PBXFileReference; lastKnownFileType = sourcecode.swift; path = PremiumAPIClient.swift; sourceTree = "<group>"; };
		4EC0B8222F5FBB85001DC532 /* AICoachFloatingView.swift */ = {isa = PBXFileReference; lastKnownFileType = sourcecode.swift; path = AICoachFloatingView.swift; sourceTree = "<group>"; };
		4EC0B8242F5FBF42001DC532 /* GoalsSurveyView.swift */ = {isa = PBXFileReference; lastKnownFileType = sourcecode.swift; path = GoalsSurveyView.swift; sourceTree = "<group>"; };
		4EC0B8262F5FBF7C001DC532 /* SmartwatchSyncView.swift */ = {isa = PBXFileReference; lastKnownFileType = sourcecode.swift; path = SmartwatchSyncView.swift; sourceTree = "<group>"; };
		4EC0B8282F5FC12E001DC532 /* TournamentView.swift */ = {isa = PBXFileReference; lastKnownFileType = sourcecode.swift; path = TournamentView.swift; sourceTree = "<group>"; };
		4EC0B82A2F5FC1E5001DC532 /* PremiumSubscriptionView.swift */ = {isa = PBXFileReference; lastKnownFileType = sourcecode.swift; path = PremiumSubscriptionView.swift; sourceTree = "<group>"; };
		4EC0B82E2F627732001DC532 /* OnboardingView.swift */ = {isa = PBXFileReference; lastKnownFileType = sourcecode.swift; path = OnboardingView.swift; sourceTree = "<group>"; };
		4EC0B8302F627902001DC532 /* GroupChatsView.swift */ = {isa = PBXFileReference; lastKnownFileType = sourcecode.swift; path = GroupChatsView.swift; sourceTree = "<group>"; };
		4EC0B8322F627932001DC532 /* HighlightsView.swift */ = {isa = PBXFileReference; lastKnownFileType = sourcecode.swift; path = HighlightsView.swift; sourceTree = "<group>"; };
		4EC0B8342F627968001DC532 /* WorkoutBuilderView.swift */ = {isa = PBXFileReference; lastKnownFileType = sourcecode.swift; path = WorkoutBuilderView.swift; sourceTree = "<group>"; };
		4EC0B8362F6279AA001DC532 /* PerformanceGraphsView.swift */ = {isa = PBXFileReference; lastKnownFileType = sourcecode.swift; path = PerformanceGraphsView.swift; sourceTree = "<group>"; };
		4EC0B8382F6469D5001DC532 /* TrainingSessionView.swift */ = {isa = PBXFileReference; lastKnownFileType = sourcecode.swift; path = TrainingSessionView.swift; sourceTree = "<group>"; };
		4EC0B83A2F646D2B001DC532 /* DrillLibraryView.swift */ = {isa = PBXFileReference; lastKnownFileType = sourcecode.swift; path = DrillLibraryView.swift; sourceTree = "<group>"; };
		4EC0B83C2F646D45001DC532 /* DrillDetailView.swift */ = {isa = PBXFileReference; lastKnownFileType = sourcecode.swift; path = DrillDetailView.swift; sourceTree = "<group>"; };
		4EC0B83E2F6474F6001DC532 /* ChallengeCreationView.swift */ = {isa = PBXFileReference; lastKnownFileType = sourcecode.swift; path = ChallengeCreationView.swift; sourceTree = "<group>"; };
		4EC0B8402F64755A001DC532 /* ProofSubmissionView.swift */ = {isa = PBXFileReference; lastKnownFileType = sourcecode.swift; path = ProofSubmissionView.swift; sourceTree = "<group>"; };
		4EC0B8422F6475CE001DC532 /* TeamLobbyView.swift */ = {isa = PBXFileReference; lastKnownFileType = sourcecode.swift; path = TeamLobbyView.swift; sourceTree = "<group>"; };
		4EC0B8442F64764A001DC532 /* DirectMessageView.swift */ = {isa = PBXFileReference; lastKnownFileType = sourcecode.swift; path = DirectMessageView.swift; sourceTree = "<group>"; };
		4EC0B8462F6476EB001DC532 /* AICoachLevelView.swift */ = {isa = PBXFileReference; lastKnownFileType = sourcecode.swift; path = AICoachLevelView.swift; sourceTree = "<group>"; };
		4EC0B8482F647D11001DC532 /* BadgeSystemView.swift */ = {isa = PBXFileReference; lastKnownFileType = sourcecode.swift; path = BadgeSystemView.swift; sourceTree = "<group>"; };
		4EC0B84A2F64A5FD001DC532 /* DailyReadinessView.swift */ = {isa = PBXFileReference; lastKnownFileType = sourcecode.swift; path = DailyReadinessView.swift; sourceTree = "<group>"; };
		4EC0B84C2F64AE89001DC532 /* SkillProgressionModels.swift */ = {isa = PBXFileReference; lastKnownFileType = sourcecode.swift; path = SkillProgressionModels.swift; sourceTree = "<group>"; };
		4EC0B84E2F64AEBF001DC532 /* SkillProgressionEngine.swift */ = {isa = PBXFileReference; lastKnownFileType = sourcecode.swift; path = SkillProgressionEngine.swift; sourceTree = "<group>"; };
		4EC0B8502F64AEF2001DC532 /* SkillProgressionView.swift */ = {isa = PBXFileReference; lastKnownFileType = sourcecode.swift; path = SkillProgressionView.swift; sourceTree = "<group>"; };
		4EC0B8522F64C7F4001DC532 /* AICoachChatView.swift */ = {isa = PBXFileReference; lastKnownFileType = sourcecode.swift; path = AICoachChatView.swift; sourceTree = "<group>"; };
		4EC0B8542F650BC5001DC532 /* NotificationsView.swift */ = {isa = PBXFileReference; lastKnownFileType = sourcecode.swift; path = NotificationsView.swift; sourceTree = "<group>"; };
		4EC0B8562F650BE9001DC532 /* MessagesListView.swift */ = {isa = PBXFileReference; lastKnownFileType = sourcecode.swift; path = MessagesListView.swift; sourceTree = "<group>"; };
		4EC694392F6DB41C00518941 /* DisputeHistoryView.swift */ = {isa = PBXFileReference; lastKnownFileType = sourcecode.swift; path = DisputeHistoryView.swift; sourceTree = "<group>"; };
		4EC6943B2F6DB85300518941 /* FriendsListView.swift */ = {isa = PBXFileReference; lastKnownFileType = sourcecode.swift; path = FriendsListView.swift; sourceTree = "<group>"; };
/* End PBXFileReference section */

/* Begin PBXFileSystemSynchronizedBuildFileExceptionSet section */
		4E86B1C42F5AB3740027B3C2 /* Exceptions for "SportsHub" folder in "SportsHub" target */ = {
			isa = PBXFileSystemSynchronizedBuildFileExceptionSet;
			membershipExceptions = (
				Info.plist,
			);
			target = 4E86B1A02F5AB3730027B3C2 /* SportsHub */;
		};
/* End PBXFileSystemSynchronizedBuildFileExceptionSet section */

/* Begin PBXFileSystemSynchronizedRootGroup section */
		4E86B1A32F5AB3730027B3C2 /* SportsHub */ = {
			isa = PBXFileSystemSynchronizedRootGroup;
			exceptions = (
				4E86B1C42F5AB3740027B3C2 /* Exceptions for "SportsHub" folder in "SportsHub" target */,
			);
			path = SportsHub;
			sourceTree = "<group>";
		};
		4E86B1B52F5AB3740027B3C2 /* SportsHubTests */ = {
			isa = PBXFileSystemSynchronizedRootGroup;
			path = SportsHubTests;
			sourceTree = "<group>";
		};
		4E86B1BF2F5AB3740027B3C2 /* SportsHubUITests */ = {
			isa = PBXFileSystemSynchronizedRootGroup;
			path = SportsHubUITests;
			sourceTree = "<group>";
		};
/* End PBXFileSystemSynchronizedRootGroup section */

/* Begin PBXFrameworksBuildPhase section */
		4E86B19E2F5AB3730027B3C2 /* Frameworks */ = {
			isa = PBXFrameworksBuildPhase;
			buildActionMask = 2147483647;
			files = (
			);
			runOnlyForDeploymentPostprocessing = 0;
		};
		4E86B1AF2F5AB3740027B3C2 /* Frameworks */ = {
			isa = PBXFrameworksBuildPhase;
			buildActionMask = 2147483647;
			files = (
			);
			runOnlyForDeploymentPostprocessing = 0;
		};
		4E86B1B92F5AB3740027B3C2 /* Frameworks */ = {
			isa = PBXFrameworksBuildPhase;
			buildActionMask = 2147483647;
			files = (
			);
			runOnlyForDeploymentPostprocessing = 0;
		};
/* End PBXFrameworksBuildPhase section */

/* Begin PBXGroup section */
		4E86B1982F5AB3730027B3C2 = {
			isa = PBXGroup;
			children = (
				4E86B1A32F5AB3730027B3C2 /* SportsHub */,
				4E86B1B52F5AB3740027B3C2 /* SportsHubTests */,
				4E86B1BF2F5AB3740027B3C2 /* SportsHubUITests */,
				4E86B1A22F5AB3730027B3C2 /* Products */,
				4EC0B81E2F5FBB0C001DC532 /* PremiumModels.swift */,
				4EC0B8202F5FBB28001DC532 /* PremiumAPIClient.swift */,
				4EC0B8222F5FBB85001DC532 /* AICoachFloatingView.swift */,
				4EC0B8242F5FBF42001DC532 /* GoalsSurveyView.swift */,
				4EC0B8262F5FBF7C001DC532 /* SmartwatchSyncView.swift */,
				4EC0B8282F5FC12E001DC532 /* TournamentView.swift */,
				4EC0B82A2F5FC1E5001DC532 /* PremiumSubscriptionView.swift */,
				4EC0B82E2F627732001DC532 /* OnboardingView.swift */,
				4EC0B8302F627902001DC532 /* GroupChatsView.swift */,
				4EC0B8322F627932001DC532 /* HighlightsView.swift */,
				4EC0B8342F627968001DC532 /* WorkoutBuilderView.swift */,
				4EC0B8362F6279AA001DC532 /* PerformanceGraphsView.swift */,
				4EC0B8382F6469D5001DC532 /* TrainingSessionView.swift */,
				4EC0B83A2F646D2B001DC532 /* DrillLibraryView.swift */,
				4EC0B83C2F646D45001DC532 /* DrillDetailView.swift */,
				4EC0B83E2F6474F6001DC532 /* ChallengeCreationView.swift */,
				4EC0B8402F64755A001DC532 /* ProofSubmissionView.swift */,
				4EC0B8422F6475CE001DC532 /* TeamLobbyView.swift */,
				4EC0B8442F64764A001DC532 /* DirectMessageView.swift */,
				4EC0B8462F6476EB001DC532 /* AICoachLevelView.swift */,
				4EC0B8482F647D11001DC532 /* BadgeSystemView.swift */,
				4EC0B84A2F64A5FD001DC532 /* DailyReadinessView.swift */,
				4EC0B84C2F64AE89001DC532 /* SkillProgressionModels.swift */,
				4EC0B84E2F64AEBF001DC532 /* SkillProgressionEngine.swift */,
				4EC0B8502F64AEF2001DC532 /* SkillProgressionView.swift */,
				4EC0B8522F64C7F4001DC532 /* AICoachChatView.swift */,
				4EC0B8542F650BC5001DC532 /* NotificationsView.swift */,
				4EC0B8562F650BE9001DC532 /* MessagesListView.swift */,
				4E1969542F6C65AD000277D0 /* ResultSubmissionView.swift */,
				4E1969562F6C9309000277D0 /* DisputeDetailView.swift */,
				4EC694392F6DB41C00518941 /* DisputeHistoryView.swift */,
				4EC6943B2F6DB85300518941 /* FriendsListView.swift */,
				4E288EA82F6E335200387E29 /* TennisCourtPickerView.swift */,
				4E288EAA2F6F942B00387E29 /* VoiceInputManager.swift */,
				4E288EAC2F6F987600387E29 /* WeeklyDrillsView.swift */,
				4E288EAE2F709A0B00387E29 /* PostDetailView.swift */,
				4E7C5FA42F85850A0075EE36 /* AI_COACH_FIX_README.md */,
				4E7C5FA62F85853E0075EE36 /* BACKEND_IMPLEMENTATION_GUIDE.md */,
				4E7C5FA82F85856D0075EE36 /* TROUBLESHOOTING.md */,
				4E7C5FAA2F8585930075EE36 /* FIX_SUMMARY.md */,
				4E7C5FAC2F8585B80075EE36 /* AICoachConnectionTestView.swift */,
				4E7C5FAE2F8585EE0075EE36 /* IMPLEMENTATION_INSTRUCTIONS.md */,
				4E7C5FB02F8586140075EE36 /* QUICK_START.md */,
				4E7C5FB42F85878D0075EE36 /* SMARTWATCH_SYNC_GUIDE.md */,
				4E7C5FB62F8587C10075EE36 /* SYSTEM_WIDE_FIXES_SUMMARY.md */,
				4E7C5FB82F8587E90075EE36 /* TROUBLESHOOTING_CHECKLIST.md */,
				4E7C602F2F8C0F460075EE36 /* WearableProviderManager.swift */,
				4E7C60312F8CA5CF0075EE36 /* WeaknessSurveyView.swift */,
				4E7C60352F8E8C9F0075EE36 /* AICoachReasoning.swift */,
				4E7C60392F8EDB840075EE36 /* EmailVerificationView.swift */,
				4E7C603B2F8EDBBD0075EE36 /* OnboardingSurveyView.swift */,
				4E122F652F95AB8800CE18EE /* AIConsistencyValidator.swift */,
				4E122F672F95BC1200CE18EE /* CoachingPhilosophy.swift */,
				4E122F692F95C61200CE18EE /* CoachTelemetry.swift */,
				4E122F6B2F95E78300CE18EE /* AIEndToEndValidation.swift */,
			);
			sourceTree = "<group>";
		};
		4E86B1A22F5AB3730027B3C2 /* Products */ = {
			isa = PBXGroup;
			children = (
				4E86B1A12F5AB3730027B3C2 /* SportsHub.app */,
				4E86B1B22F5AB3740027B3C2 /* SportsHubTests.xctest */,
				4E86B1BC2F5AB3740027B3C2 /* SportsHubUITests.xctest */,
			);
			name = Products;
			sourceTree = "<group>";
		};
/* End PBXGroup section */

/* Begin PBXNativeTarget section */
		4E86B1A02F5AB3730027B3C2 /* SportsHub */ = {
			isa = PBXNativeTarget;
			buildConfigurationList = 4E86B1C52F5AB3740027B3C2 /* Build configuration list for PBXNativeTarget "SportsHub" */;
			buildPhases = (
				4E86B19D2F5AB3730027B3C2 /* Sources */,
				4E86B19E2F5AB3730027B3C2 /* Frameworks */,
				4E86B19F2F5AB3730027B3C2 /* Resources */,
			);
			buildRules = (
			);
			dependencies = (
			);
			fileSystemSynchronizedGroups = (
				4E86B1A32F5AB3730027B3C2 /* SportsHub */,
			);
			name = SportsHub;
			packageProductDependencies = (
			);
			productName = SportsHub;
			productReference = 4E86B1A12F5AB3730027B3C2 /* SportsHub.app */;
			productType = "com.apple.product-type.application";
		};
		4E86B1B12F5AB3740027B3C2 /* SportsHubTests */ = {
			isa = PBXNativeTarget;
			buildConfigurationList = 4E86B1CA2F5AB3740027B3C2 /* Build configuration list for PBXNativeTarget "SportsHubTests" */;
			buildPhases = (
				4E86B1AE2F5AB3740027B3C2 /* Sources */,
				4E86B1AF2F5AB3740027B3C2 /* Frameworks */,
				4E86B1B02F5AB3740027B3C2 /* Resources */,
			);
			buildRules = (
			);
			dependencies = (
				4E86B1B42F5AB3740027B3C2 /* PBXTargetDependency */,
			);
			fileSystemSynchronizedGroups = (
				4E86B1B52F5AB3740027B3C2 /* SportsHubTests */,
			);
			name = SportsHubTests;
			packageProductDependencies = (
			);
			productName = SportsHubTests;
			productReference = 4E86B1B22F5AB3740027B3C2 /* SportsHubTests.xctest */;
			productType = "com.apple.product-type.bundle.unit-test";
		};
		4E86B1BB2F5AB3740027B3C2 /* SportsHubUITests */ = {
			isa = PBXNativeTarget;
			buildConfigurationList = 4E86B1CD2F5AB3740027B3C2 /* Build configuration list for PBXNativeTarget "SportsHubUITests" */;
			buildPhases = (
				4E86B1B82F5AB3740027B3C2 /* Sources */,
				4E86B1B92F5AB3740027B3C2 /* Frameworks */,
				4E86B1BA2F5AB3740027B3C2 /* Resources */,
			);
			buildRules = (
			);
			dependencies = (
				4E86B1BE2F5AB3740027B3C2 /* PBXTargetDependency */,
			);
			fileSystemSynchronizedGroups = (
				4E86B1BF2F5AB3740027B3C2 /* SportsHubUITests */,
			);
			name = SportsHubUITests;
			packageProductDependencies = (
			);
			productName = SportsHubUITests;
			productReference = 4E86B1BC2F5AB3740027B3C2 /* SportsHubUITests.xctest */;
			productType = "com.apple.product-type.bundle.ui-testing";
		};
/* End PBXNativeTarget section */

/* Begin PBXProject section */
		4E86B1992F5AB3730027B3C2 /* Project object */ = {
			isa = PBXProject;
			attributes = {
				BuildIndependentTargetsInParallel = 1;
				LastSwiftUpdateCheck = 2630;
				LastUpgradeCheck = 2630;
				TargetAttributes = {
					4E86B1A02F5AB3730027B3C2 = {
						CreatedOnToolsVersion = 26.3;
					};
					4E86B1B12F5AB3740027B3C2 = {
						CreatedOnToolsVersion = 26.3;
						TestTargetID = 4E86B1A02F5AB3730027B3C2;
					};
					4E86B1BB2F5AB3740027B3C2 = {
						CreatedOnToolsVersion = 26.3;
						TestTargetID = 4E86B1A02F5AB3730027B3C2;
					};
				};
			};
			buildConfigurationList = 4E86B19C2F5AB3730027B3C2 /* Build configuration list for PBXProject "SportsHub" */;
			developmentRegion = en;
			hasScannedForEncodings = 0;
			knownRegions = (
				en,
				Base,
			);
			mainGroup = 4E86B1982F5AB3730027B3C2;
			minimizedProjectReferenceProxies = 1;
			preferredProjectObjectVersion = 77;
			productRefGroup = 4E86B1A22F5AB3730027B3C2 /* Products */;
			projectDirPath = "";
			projectRoot = "";
			targets = (
				4E86B1A02F5AB3730027B3C2 /* SportsHub */,
				4E86B1B12F5AB3740027B3C2 /* SportsHubTests */,
				4E86B1BB2F5AB3740027B3C2 /* SportsHubUITests */,
			);
		};
/* End PBXProject section */

/* Begin PBXResourcesBuildPhase section */
		4E86B19F2F5AB3730027B3C2 /* Resources */ = {
			isa = PBXResourcesBuildPhase;
			buildActionMask = 2147483647;
			files = (
				4E7C5FA72F85853E0075EE36 /* BACKEND_IMPLEMENTATION_GUIDE.md in Resources */,
				4E7C5FA92F85856D0075EE36 /* TROUBLESHOOTING.md in Resources */,
				4E7C5FB92F8587E90075EE36 /* TROUBLESHOOTING_CHECKLIST.md in Resources */,
				4E7C5FAF2F8585EE0075EE36 /* IMPLEMENTATION_INSTRUCTIONS.md in Resources */,
				4E7C5FAB2F8585930075EE36 /* FIX_SUMMARY.md in Resources */,
				4E7C5FB12F8586140075EE36 /* QUICK_START.md in Resources */,
				4E7C5FB52F85878D0075EE36 /* SMARTWATCH_SYNC_GUIDE.md in Resources */,
				4E7C5FA52F85850A0075EE36 /* AI_COACH_FIX_README.md in Resources */,
				4E7C5FB72F8587C10075EE36 /* SYSTEM_WIDE_FIXES_SUMMARY.md in Resources */,
			);
			runOnlyForDeploymentPostprocessing = 0;
		};
		4E86B1B02F5AB3740027B3C2 /* Resources */ = {
			isa = PBXResourcesBuildPhase;
			buildActionMask = 2147483647;
			files = (
			);
			runOnlyForDeploymentPostprocessing = 0;
		};
		4E86B1BA2F5AB3740027B3C2 /* Resources */ = {
			isa = PBXResourcesBuildPhase;
			buildActionMask = 2147483647;
			files = (
			);
			runOnlyForDeploymentPostprocessing = 0;
		};
/* End PBXResourcesBuildPhase section */

/* Begin PBXSourcesBuildPhase section */
		4E86B19D2F5AB3730027B3C2 /* Sources */ = {
			isa = PBXSourcesBuildPhase;
			buildActionMask = 2147483647;
			files = (
				4E122F6A2F95C61200CE18EE /* CoachTelemetry.swift in Sources */,
				4E7C60302F8C0F460075EE36 /* WearableProviderManager.swift in Sources */,
				4EC0B8472F6476EB001DC532 /* AICoachLevelView.swift in Sources */,
				4EC0B84B2F64A5FD001DC532 /* DailyReadinessView.swift in Sources */,
				4E122F682F95BC1200CE18EE /* CoachingPhilosophy.swift in Sources */,
				4E122F662F95AB8800CE18EE /* AIConsistencyValidator.swift in Sources */,
				4E122F6C2F95E78300CE18EE /* AIEndToEndValidation.swift in Sources */,
				4EC0B8232F5FBB85001DC532 /* AICoachFloatingView.swift in Sources */,
				4EC6943A2F6DB41C00518941 /* DisputeHistoryView.swift in Sources */,
				4EC0B8452F64764A001DC532 /* DirectMessageView.swift in Sources */,
				4EC0B8352F627969001DC532 /* WorkoutBuilderView.swift in Sources */,
				4E7C603A2F8EDB840075EE36 /* EmailVerificationView.swift in Sources */,
				4EC0B8332F627932001DC532 /* HighlightsView.swift in Sources */,
				4EC0B8392F6469D5001DC532 /* TrainingSessionView.swift in Sources */,
				4EC0B8212F5FBB28001DC532 /* PremiumAPIClient.swift in Sources */,
				4EC0B8552F650BC5001DC532 /* NotificationsView.swift in Sources */,
				4EC0B8372F6279AA001DC532 /* PerformanceGraphsView.swift in Sources */,
				4E288EA92F6E335200387E29 /* TennisCourtPickerView.swift in Sources */,
				4E288EAF2F709A0B00387E29 /* PostDetailView.swift in Sources */,
				4E7C60322F8CA5CF0075EE36 /* WeaknessSurveyView.swift in Sources */,
				4E1969572F6C9309000277D0 /* DisputeDetailView.swift in Sources */,
				4EC0B82B2F5FC1E5001DC532 /* PremiumSubscriptionView.swift in Sources */,
				4EC0B8292F5FC12E001DC532 /* TournamentView.swift in Sources */,
				4EC0B8252F5FBF42001DC532 /* GoalsSurveyView.swift in Sources */,
				4E7C603C2F8EDBBD0075EE36 /* OnboardingSurveyView.swift in Sources */,
				4EC0B84D2F64AE89001DC532 /* SkillProgressionModels.swift in Sources */,
				4E1969552F6C65AD000277D0 /* ResultSubmissionView.swift in Sources */,
				4EC0B8532F64C7F4001DC532 /* AICoachChatView.swift in Sources */,
				4E7C5FAD2F8585B80075EE36 /* AICoachConnectionTestView.swift in Sources */,
				4E7C60362F8E8C9F0075EE36 /* AICoachReasoning.swift in Sources */,
				4E288EAD2F6F987600387E29 /* WeeklyDrillsView.swift in Sources */,
				4EC6943C2F6DB85300518941 /* FriendsListView.swift in Sources */,
				4EC0B84F2F64AEBF001DC532 /* SkillProgressionEngine.swift in Sources */,
				4EC0B8512F64AEF2001DC532 /* SkillProgressionView.swift in Sources */,
				4EC0B83B2F646D2B001DC532 /* DrillLibraryView.swift in Sources */,
				4EC0B83D2F646D45001DC532 /* DrillDetailView.swift in Sources */,
				4EC0B8432F6475CE001DC532 /* TeamLobbyView.swift in Sources */,
				4EC0B81F2F5FBB0C001DC532 /* PremiumModels.swift in Sources */,
				4EC0B8572F650BE9001DC532 /* MessagesListView.swift in Sources */,
				4EC0B82F2F627732001DC532 /* OnboardingView.swift in Sources */,
				4EC0B8312F627902001DC532 /* GroupChatsView.swift in Sources */,
				4EC0B8412F64755A001DC532 /* ProofSubmissionView.swift in Sources */,
				4EC0B83F2F6474F6001DC532 /* ChallengeCreationView.swift in Sources */,
				4EC0B8492F647D11001DC532 /* BadgeSystemView.swift in Sources */,
				4EC0B8272F5FBF7C001DC532 /* SmartwatchSyncView.swift in Sources */,
				4E288EAB2F6F942B00387E29 /* VoiceInputManager.swift in Sources */,
			);
			runOnlyForDeploymentPostprocessing = 0;
		};
		4E86B1AE2F5AB3740027B3C2 /* Sources */ = {
			isa = PBXSourcesBuildPhase;
			buildActionMask = 2147483647;
			files = (
			);
			runOnlyForDeploymentPostprocessing = 0;
		};
		4E86B1B82F5AB3740027B3C2 /* Sources */ = {
			isa = PBXSourcesBuildPhase;
			buildActionMask = 2147483647;
			files = (
			);
			runOnlyForDeploymentPostprocessing = 0;
		};
/* End PBXSourcesBuildPhase section */

/* Begin PBXTargetDependency section */
		4E86B1B42F5AB3740027B3C2 /* PBXTargetDependency */ = {
			isa = PBXTargetDependency;
			target = 4E86B1A02F5AB3730027B3C2 /* SportsHub */;
			targetProxy = 4E86B1B32F5AB3740027B3C2 /* PBXContainerItemProxy */;
		};
		4E86B1BE2F5AB3740027B3C2 /* PBXTargetDependency */ = {
			isa = PBXTargetDependency;
			target = 4E86B1A02F5AB3730027B3C2 /* SportsHub */;
			targetProxy = 4E86B1BD2F5AB3740027B3C2 /* PBXContainerItemProxy */;
		};
/* End PBXTargetDependency section */

/* Begin XCBuildConfiguration section */
		4E86B1C62F5AB3740027B3C2 /* Debug */ = {
			isa = XCBuildConfiguration;
			buildSettings = {
				ASSETCATALOG_COMPILER_APPICON_NAME = AppIcon;
				ASSETCATALOG_COMPILER_GLOBAL_ACCENT_COLOR_NAME = AccentColor;
				CODE_SIGN_ENTITLEMENTS = SportsHub/SportsHub.entitlements;
				CODE_SIGN_STYLE = Automatic;
				CURRENT_PROJECT_VERSION = 1;
				ENABLE_PREVIEWS = YES;
				GENERATE_INFOPLIST_FILE = YES;
				INFOPLIST_FILE = SportsHub/Info.plist;
				INFOPLIST_KEY_UIApplicationSceneManifest_Generation = YES;
				INFOPLIST_KEY_UIApplicationSupportsIndirectInputEvents = YES;
				INFOPLIST_KEY_UILaunchScreen_Generation = YES;
				INFOPLIST_KEY_UISupportedInterfaceOrientations_iPad = "UIInterfaceOrientationPortrait UIInterfaceOrientationPortraitUpsideDown UIInterfaceOrientationLandscapeLeft UIInterfaceOrientationLandscapeRight";
				INFOPLIST_KEY_UISupportedInterfaceOrientations_iPhone = "UIInterfaceOrientationPortrait UIInterfaceOrientationLandscapeLeft UIInterfaceOrientationLandscapeRight";
				LD_RUNPATH_SEARCH_PATHS = (
					"$(inherited)",
					"@executable_path/Frameworks",
				);
				MARKETING_VERSION = 1.0;
				PRODUCT_BUNDLE_IDENTIFIER = royaltonitservices.SportsHub;
				PRODUCT_NAME = "$(TARGET_NAME)";
				STRING_CATALOG_GENERATE_SYMBOLS = YES;
				SWIFT_APPROACHABLE_CONCURRENCY = YES;
				SWIFT_DEFAULT_ACTOR_ISOLATION = MainActor;
				SWIFT_EMIT_LOC_STRINGS = YES;
				SWIFT_UPCOMING_FEATURE_MEMBER_IMPORT_VISIBILITY = YES;
				SWIFT_VERSION = 5.0;
				TARGETED_DEVICE_FAMILY = "1,2";
			};
			name = Debug;
		};
		4E86B1C72F5AB3740027B3C2 /* Release */ = {
			isa = XCBuildConfiguration;
			buildSettings = {
				ASSETCATALOG_COMPILER_APPICON_NAME = AppIcon;
				ASSETCATALOG_COMPILER_GLOBAL_ACCENT_COLOR_NAME = AccentColor;
				CODE_SIGN_ENTITLEMENTS = SportsHub/SportsHub.entitlements;
				CODE_SIGN_STYLE = Automatic;
				CURRENT_PROJECT_VERSION = 1;
				ENABLE_PREVIEWS = YES;
				GENERATE_INFOPLIST_FILE = YES;
				INFOPLIST_FILE = SportsHub/Info.plist;
				INFOPLIST_KEY_UIApplicationSceneManifest_Generation = YES;
				INFOPLIST_KEY_UIApplicationSupportsIndirectInputEvents = YES;
				INFOPLIST_KEY_UILaunchScreen_Generation = YES;
				INFOPLIST_KEY_UISupportedInterfaceOrientations_iPad = "UIInterfaceOrientationPortrait UIInterfaceOrientationPortraitUpsideDown UIInterfaceOrientationLandscapeLeft UIInterfaceOrientationLandscapeRight";
				INFOPLIST_KEY_UISupportedInterfaceOrientations_iPhone = "UIInterfaceOrientationPortrait UIInterfaceOrientationLandscapeLeft UIInterfaceOrientationLandscapeRight";
				LD_RUNPATH_SEARCH_PATHS = (
					"$(inherited)",
					"@executable_path/Frameworks",
				);
				MARKETING_VERSION = 1.0;
				PRODUCT_BUNDLE_IDENTIFIER = royaltonitservices.SportsHub;
				PRODUCT_NAME = "$(TARGET_NAME)";
				STRING_CATALOG_GENERATE_SYMBOLS = YES;
				SWIFT_APPROACHABLE_CONCURRENCY = YES;
				SWIFT_DEFAULT_ACTOR_ISOLATION = MainActor;
				SWIFT_EMIT_LOC_STRINGS = YES;
				SWIFT_UPCOMING_FEATURE_MEMBER_IMPORT_VISIBILITY = YES;
				SWIFT_VERSION = 5.0;
				TARGETED_DEVICE_FAMILY = "1,2";
			};
			name = Release;
		};
		4E86B1C82F5AB3740027B3C2 /* Debug */ = {
			isa = XCBuildConfiguration;
			buildSettings = {
				ALWAYS_SEARCH_USER_PATHS = NO;
				ASSETCATALOG_COMPILER_GENERATE_SWIFT_ASSET_SYMBOL_EXTENSIONS = YES;
				CLANG_ANALYZER_NONNULL = YES;
				CLANG_ANALYZER_NUMBER_OBJECT_CONVERSION = YES_AGGRESSIVE;
				CLANG_CXX_LANGUAGE_STANDARD = "gnu++20";
				CLANG_ENABLE_MODULES = YES;
				CLANG_ENABLE_OBJC_ARC = YES;
				CLANG_ENABLE_OBJC_WEAK = YES;
				CLANG_WARN_BLOCK_CAPTURE_AUTORELEASING = YES;
				CLANG_WARN_BOOL_CONVERSION = YES;
				CLANG_WARN_COMMA = YES;
				CLANG_WARN_CONSTANT_CONVERSION = YES;
				CLANG_WARN_DEPRECATED_OBJC_IMPLEMENTATIONS = YES;
				CLANG_WARN_DIRECT_OBJC_ISA_USAGE = YES_ERROR;
				CLANG_WARN_DOCUMENTATION_COMMENTS = YES;
				CLANG_WARN_EMPTY_BODY = YES;
				CLANG_WARN_ENUM_CONVERSION = YES;
				CLANG_WARN_INFINITE_RECURSION = YES;
				CLANG_WARN_INT_CONVERSION = YES;
				CLANG_WARN_NON_LITERAL_NULL_CONVERSION = YES;
				CLANG_WARN_OBJC_IMPLICIT_RETAIN_SELF = YES;
				CLANG_WARN_OBJC_LITERAL_CONVERSION = YES;
				CLANG_WARN_OBJC_ROOT_CLASS = YES_ERROR;
				CLANG_WARN_QUOTED_INCLUDE_IN_FRAMEWORK_HEADER = YES;
				CLANG_WARN_RANGE_LOOP_ANALYSIS = YES;
				CLANG_WARN_STRICT_PROTOTYPES = YES;
				CLANG_WARN_SUSPICIOUS_MOVE = YES;
				CLANG_WARN_UNGUARDED_AVAILABILITY = YES_AGGRESSIVE;
				CLANG_WARN_UNREACHABLE_CODE = YES;
				CLANG_WARN__DUPLICATE_METHOD_MATCH = YES;
				COPY_PHASE_STRIP = NO;
				DEBUG_INFORMATION_FORMAT = dwarf;
				ENABLE_STRICT_OBJC_MSGSEND = YES;
				ENABLE_TESTABILITY = YES;
				ENABLE_USER_SCRIPT_SANDBOXING = YES;
				GCC_C_LANGUAGE_STANDARD = gnu17;
				GCC_DYNAMIC_NO_PIC = NO;
				GCC_NO_COMMON_BLOCKS = YES;
				GCC_OPTIMIZATION_LEVEL = 0;
				GCC_PREPROCESSOR_DEFINITIONS = (
					"DEBUG=1",
					"$(inherited)",
				);
				GCC_WARN_64_TO_32_BIT_CONVERSION = YES;
				GCC_WARN_ABOUT_RETURN_TYPE = YES_ERROR;
				GCC_WARN_UNDECLARED_SELECTOR = YES;
				GCC_WARN_UNINITIALIZED_AUTOS = YES_AGGRESSIVE;
				GCC_WARN_UNUSED_FUNCTION = YES;
				GCC_WARN_UNUSED_VARIABLE = YES;
				IPHONEOS_DEPLOYMENT_TARGET = 26.2;
				LOCALIZATION_PREFERS_STRING_CATALOGS = YES;
				MTL_ENABLE_DEBUG_INFO = INCLUDE_SOURCE;
				MTL_FAST_MATH = YES;
				ONLY_ACTIVE_ARCH = YES;
				SDKROOT = iphoneos;
				SWIFT_ACTIVE_COMPILATION_CONDITIONS = "DEBUG $(inherited)";
				SWIFT_OPTIMIZATION_LEVEL = "-Onone";
			};
			name = Debug;
		};
		4E86B1C92F5AB3740027B3C2 /* Release */ = {
			isa = XCBuildConfiguration;
			buildSettings = {
				ALWAYS_SEARCH_USER_PATHS = NO;
				ASSETCATALOG_COMPILER_GENERATE_SWIFT_ASSET_SYMBOL_EXTENSIONS = YES;
				CLANG_ANALYZER_NONNULL = YES;
				CLANG_ANALYZER_NUMBER_OBJECT_CONVERSION = YES_AGGRESSIVE;
				CLANG_CXX_LANGUAGE_STANDARD = "gnu++20";
				CLANG_ENABLE_MODULES = YES;
				CLANG_ENABLE_OBJC_ARC = YES;
				CLANG_ENABLE_OBJC_WEAK = YES;
				CLANG_WARN_BLOCK_CAPTURE_AUTORELEASING = YES;
				CLANG_WARN_BOOL_CONVERSION = YES;
				CLANG_WARN_COMMA = YES;
				CLANG_WARN_CONSTANT_CONVERSION = YES;
				CLANG_WARN_DEPRECATED_OBJC_IMPLEMENTATIONS = YES;
				CLANG_WARN_DIRECT_OBJC_ISA_USAGE = YES_ERROR;
				CLANG_WARN_DOCUMENTATION_COMMENTS = YES;
				CLANG_WARN_EMPTY_BODY = YES;
				CLANG_WARN_ENUM_CONVERSION = YES;
				CLANG_WARN_INFINITE_RECURSION = YES;
				CLANG_WARN_INT_CONVERSION = YES;
				CLANG_WARN_NON_LITERAL_NULL_CONVERSION = YES;
				CLANG_WARN_OBJC_IMPLICIT_RETAIN_SELF = YES;
				CLANG_WARN_OBJC_LITERAL_CONVERSION = YES;
				CLANG_WARN_OBJC_ROOT_CLASS = YES_ERROR;
				CLANG_WARN_QUOTED_INCLUDE_IN_FRAMEWORK_HEADER = YES;
				CLANG_WARN_RANGE_LOOP_ANALYSIS = YES;
				CLANG_WARN_STRICT_PROTOTYPES = YES;
				CLANG_WARN_SUSPICIOUS_MOVE = YES;
				CLANG_WARN_UNGUARDED_AVAILABILITY = YES_AGGRESSIVE;
				CLANG_WARN_UNREACHABLE_CODE = YES;
				CLANG_WARN__DUPLICATE_METHOD_MATCH = YES;
				COPY_PHASE_STRIP = NO;
				DEBUG_INFORMATION_FORMAT = "dwarf-with-dsym";
				ENABLE_NS_ASSERTIONS = NO;
				ENABLE_STRICT_OBJC_MSGSEND = YES;
				ENABLE_USER_SCRIPT_SANDBOXING = YES;
				GCC_C_LANGUAGE_STANDARD = gnu17;
				GCC_NO_COMMON_BLOCKS = YES;
				GCC_WARN_64_TO_32_BIT_CONVERSION = YES;
				GCC_WARN_ABOUT_RETURN_TYPE = YES_ERROR;
				GCC_WARN_UNDECLARED_SELECTOR = YES;
				GCC_WARN_UNINITIALIZED_AUTOS = YES_AGGRESSIVE;
				GCC_WARN_UNUSED_FUNCTION = YES;
				GCC_WARN_UNUSED_VARIABLE = YES;
				IPHONEOS_DEPLOYMENT_TARGET = 26.2;
				LOCALIZATION_PREFERS_STRING_CATALOGS = YES;
				MTL_ENABLE_DEBUG_INFO = NO;
				MTL_FAST_MATH = YES;
				SDKROOT = iphoneos;
				SWIFT_COMPILATION_MODE = wholemodule;
				VALIDATE_PRODUCT = YES;
			};
			name = Release;
		};
		4E86B1CB2F5AB3740027B3C2 /* Debug */ = {
			isa = XCBuildConfiguration;
			buildSettings = {
				BUNDLE_LOADER = "$(TEST_HOST)";
				CODE_SIGN_STYLE = Automatic;
				CURRENT_PROJECT_VERSION = 1;
				GENERATE_INFOPLIST_FILE = YES;
				IPHONEOS_DEPLOYMENT_TARGET = 26.2;
				MARKETING_VERSION = 1.0;
				PRODUCT_BUNDLE_IDENTIFIER = royaltonitservices.SportsHubTests;
				PRODUCT_NAME = "$(TARGET_NAME)";
				STRING_CATALOG_GENERATE_SYMBOLS = NO;
				SWIFT_APPROACHABLE_CONCURRENCY = YES;
				SWIFT_EMIT_LOC_STRINGS = NO;
				SWIFT_UPCOMING_FEATURE_MEMBER_IMPORT_VISIBILITY = YES;
				SWIFT_VERSION = 5.0;
				TARGETED_DEVICE_FAMILY = "1,2";
				TEST_HOST = "$(BUILT_PRODUCTS_DIR)/SportsHub.app/$(BUNDLE_EXECUTABLE_FOLDER_PATH)/SportsHub";
			};
			name = Debug;
		};
		4E86B1CC2F5AB3740027B3C2 /* Release */ = {
			isa = XCBuildConfiguration;
			buildSettings = {
				BUNDLE_LOADER = "$(TEST_HOST)";
				CODE_SIGN_STYLE = Automatic;
				CURRENT_PROJECT_VERSION = 1;
				GENERATE_INFOPLIST_FILE = YES;
				IPHONEOS_DEPLOYMENT_TARGET = 26.2;
				MARKETING_VERSION = 1.0;
				PRODUCT_BUNDLE_IDENTIFIER = royaltonitservices.SportsHubTests;
				PRODUCT_NAME = "$(TARGET_NAME)";
				STRING_CATALOG_GENERATE_SYMBOLS = NO;
				SWIFT_APPROACHABLE_CONCURRENCY = YES;
				SWIFT_EMIT_LOC_STRINGS = NO;
				SWIFT_UPCOMING_FEATURE_MEMBER_IMPORT_VISIBILITY = YES;
				SWIFT_VERSION = 5.0;
				TARGETED_DEVICE_FAMILY = "1,2";
				TEST_HOST = "$(BUILT_PRODUCTS_DIR)/SportsHub.app/$(BUNDLE_EXECUTABLE_FOLDER_PATH)/SportsHub";
			};
			name = Release;
		};
		4E86B1CE2F5AB3740027B3C2 /* Debug */ = {
			isa = XCBuildConfiguration;
			buildSettings = {
				CODE_SIGN_STYLE = Automatic;
				CURRENT_PROJECT_VERSION = 1;
				GENERATE_INFOPLIST_FILE = YES;
				MARKETING_VERSION = 1.0;
				PRODUCT_BUNDLE_IDENTIFIER = royaltonitservices.SportsHubUITests;
				PRODUCT_NAME = "$(TARGET_NAME)";
				STRING_CATALOG_GENERATE_SYMBOLS = NO;
				SWIFT_APPROACHABLE_CONCURRENCY = YES;
				SWIFT_EMIT_LOC_STRINGS = NO;
				SWIFT_UPCOMING_FEATURE_MEMBER_IMPORT_VISIBILITY = YES;
				SWIFT_VERSION = 5.0;
				TARGETED_DEVICE_FAMILY = "1,2";
				TEST_TARGET_NAME = SportsHub;
			};
			name = Debug;
		};
		4E86B1CF2F5AB3740027B3C2 /* Release */ = {
			isa = XCBuildConfiguration;
			buildSettings = {
				CODE_SIGN_STYLE = Automatic;
				CURRENT_PROJECT_VERSION = 1;
				GENERATE_INFOPLIST_FILE = YES;
				MARKETING_VERSION = 1.0;
				PRODUCT_BUNDLE_IDENTIFIER = royaltonitservices.SportsHubUITests;
				PRODUCT_NAME = "$(TARGET_NAME)";
				STRING_CATALOG_GENERATE_SYMBOLS = NO;
				SWIFT_APPROACHABLE_CONCURRENCY = YES;
				SWIFT_EMIT_LOC_STRINGS = NO;
				SWIFT_UPCOMING_FEATURE_MEMBER_IMPORT_VISIBILITY = YES;
				SWIFT_VERSION = 5.0;
				TARGETED_DEVICE_FAMILY = "1,2";
				TEST_TARGET_NAME = SportsHub;
			};
			name = Release;
		};
/* End XCBuildConfiguration section */

/* Begin XCConfigurationList section */
		4E86B19C2F5AB3730027B3C2 /* Build configuration list for PBXProject "SportsHub" */ = {
			isa = XCConfigurationList;
			buildConfigurations = (
				4E86B1C82F5AB3740027B3C2 /* Debug */,
				4E86B1C92F5AB3740027B3C2 /* Release */,
			);
			defaultConfigurationIsVisible = 0;
			defaultConfigurationName = Release;
		};
		4E86B1C52F5AB3740027B3C2 /* Build configuration list for PBXNativeTarget "SportsHub" */ = {
			isa = XCConfigurationList;
			buildConfigurations = (
				4E86B1C62F5AB3740027B3C2 /* Debug */,
				4E86B1C72F5AB3740027B3C2 /* Release */,
			);
			defaultConfigurationIsVisible = 0;
			defaultConfigurationName = Release;
		};
		4E86B1CA2F5AB3740027B3C2 /* Build configuration list for PBXNativeTarget "SportsHubTests" */ = {
			isa = XCConfigurationList;
			buildConfigurations = (
				4E86B1CB2F5AB3740027B3C2 /* Debug */,
				4E86B1CC2F5AB3740027B3C2 /* Release */,
			);
			defaultConfigurationIsVisible = 0;
			defaultConfigurationName = Release;
		};
		4E86B1CD2F5AB3740027B3C2 /* Build configuration list for PBXNativeTarget "SportsHubUITests" */ = {
			isa = XCConfigurationList;
			buildConfigurations = (
				4E86B1CE2F5AB3740027B3C2 /* Debug */,
				4E86B1CF2F5AB3740027B3C2 /* Release */,
			);
			defaultConfigurationIsVisible = 0;
			defaultConfigurationName = Release;
		};
/* End XCConfigurationList section */
	};
	rootObject = 4E86B1992F5AB3730027B3C2 /* Project object */;
}
